
Microsoft Visual Studio Solution File, Format Version 12.00
# Visual Studio Version 16
VisualStudioVersion = 16.0.31205.134
MinimumVisualStudioVersion = 10.0.40219.1
Project("{9A19103F-16F7-4668-BE54-9A1E7A4F7556}") = "BeehiveManager", "src\BeehiveManager\BeehiveManager.csproj", "{E14D105A-A294-4F67-BC95-58C5178E2818}"
EndProject
Project("{2150E333-8FDC-42A3-9474-1A3956D46DE8}") = "Solution Items", "Solution Items", "{61C3814F-A839-44D7-8335-0F365D3FFA8C}"
	ProjectSection(SolutionItems) = preProject
		.gitignore = .gitignore
		nuget.config = nuget.config
	EndProjectSection
EndProject
Project("{2150E333-8FDC-42A3-9474-1A3956D46DE8}") = "src", "src", "{1CD13F83-9A79-4873-A8E3-77A2D432D706}"
EndProject
Global
	GlobalSection(SolutionConfigurationPlatforms) = preSolution
		Debug|Any CPU = Debug|Any CPU
		Release|Any CPU = Release|Any CPU
	EndGlobalSection
	GlobalSection(ProjectConfigurationPlatforms) = postSolution
		{E14D105A-A294-4F67-BC95-58C5178E2818}.Debug|Any CPU.ActiveCfg = Debug|Any CPU
		{E14D105A-A294-4F67-BC95-58C5178E2818}.Debug|Any CPU.Build.0 = Debug|Any CPU
		{E14D105A-A294-4F67-BC95-58C5178E2818}.Release|Any CPU.ActiveCfg = Release|Any CPU
		{E14D105A-A294-4F67-BC95-58C5178E2818}.Release|Any CPU.Build.0 = Release|Any CPU
	EndGlobalSection
	GlobalSection(SolutionProperties) = preSolution
		HideSolutionNode = FALSE
	EndGlobalSection
	GlobalSection(NestedProjects) = preSolution
		{E14D105A-A294-4F67-BC95-58C5178E2818} = {1CD13F83-9A79-4873-A8E3-77A2D432D706}
	EndGlobalSection
	GlobalSection(ExtensibilityGlobals) = postSolution
		SolutionGuid = {67056C24-38A7-45E5-A31A-0CF654008257}
	EndGlobalSection
EndGlobal
